<?xml version="1.0" encoding="utf-8"?>
<Project ToolsVersion="4.0" xmlns="http://schemas.microsoft.com/developer/msbuild/2003">
  <ItemGroup>
    <Filter Include="头文件">
      <UniqueIdentifier>{fea2d677-ac1a-4c9c-9eb6-1fff149ce29d}</UniqueIdentifier>
    </Filter>
    <Filter Include="源文件">
      <UniqueIdentifier>{56d14ea4-a832-41d1-8bfb-7c749c11746a}</UniqueIdentifier>
    </Filter>
  </ItemGroup>
  <ItemGroup>
    <ClCompile Include="main.cpp">
      <Filter>源文件</Filter>
    </ClCompile>
    <ClCompile Include="recognition.cpp">
      <Filter>源文件</Filter>
    </ClCompile>
    <ClCompile Include="GoodsDAO.cpp">
      <Filter>源文件</Filter>
    </ClCompile>
    <ClCompile Include="ItemGenerator.cpp">
      <Filter>源文件</Filter>
    </ClCompile>
    <ClCompile Include="BenefitTypeDAO.cpp">
      <Filter>源文件</Filter>
    </ClCompile>
    <ClCompile Include="DataSource.cpp">
      <Filter>源文件</Filter>
    </ClCompile>
  </ItemGroup>
  <ItemGroup>
    <ClInclude Include="recognition.h">
      <Filter>头文件</Filter>
    </ClInclude>
    <ClInclude Include="GoodsDAO.h">
      <Filter>头文件</Filter>
    </ClInclude>
    <ClInclude Include="ItemGenerator.h">
      <Filter>头文件</Filter>
    </ClInclude>
    <ClInclude Include="BenefitTypeDAO.h">
      <Filter>头文件</Filter>
    </ClInclude>
    <ClInclude Include="DataSource.h">
      <Filter>头文件</Filter>
    </ClInclude>
  </ItemGroup>
</Project>